{
  "name": "xcxgifts",
  "version": "1.0.0",
  "lockfileVersion": 1,
  "requires": true,
  "dependencies": {
    "miniprogram-barrage": {
      "version": "1.0.1",
      "resolved": "https://registry.npmjs.org/miniprogram-barrage/-/miniprogram-barrage-1.0.1.tgz",
      "integrity": "sha512-155XZF130U8G/42DsDQ6ARnc+fJ3Y9T0ZY83km0829bfeuq/lF+Vm4uFwptCe4kXbLsYznF2ELfjJSW8tTTTAg=="
    }
  }
}
